// !$*UTF8*$!
{
	archiveVersion = 1;
	classes = {
	};
	objectVersion = 46;
	objects = {

/* Begin PBXBuildFile section */
		14FC87311D5F941A00C5BDFC /* main.m in Sources */ = {isa = PBXBuildFile; fileRef = 14FC87301D5F941A00C5BDFC /* main.m */; };
		14FC87391D5F944800C5BDFC /* Rectangle.m in Sources */ = {isa = PBXBuildFile; fileRef = 14FC87381D5F944800C5BDFC /* Rectangle.m */; };
		14FC873C1D5F946400C5BDFC /* XYPoint.m in Sources */ = {isa = PBXBuildFile; fileRef = 14FC873B1D5F946400C5BDFC /* XYPoint.m */; };
		14FC873F1D5F94C400C5BDFC /* GraphicObject.m in Sources */ = {isa = PBXBuildFile; fileRef = 14FC873E1D5F94C400C5BDFC /* GraphicObject.m */; };
		14FC87421D5F94E800C5BDFC /* Complex.m in Sources */ = {isa = PBXBuildFile; fileRef = 14FC87411D5F94E800C5BDFC /* Complex.m */; };
		14FC87451D5F950300C5BDFC /* Fraction.m in Sources */ = {isa = PBXBuildFile; fileRef = 14FC87441D5F950300C5BDFC /* Fraction.m */; };
/* End PBXBuildFile section */

/* Begin PBXCopyFilesBuildPhase section */
		14FC872B1D5F941A00C5BDFC /* CopyFiles */ = {
			isa = PBXCopyFilesBuildPhase;
			buildActionMask = 2147483647;
			dstPath = /usr/share/man/man1/;
			dstSubfolderSpec = 0;
			files = (
			);
			runOnlyForDeploymentPostprocessing = 1;
		};
/* End PBXCopyFilesBuildPhase section */

/* Begin PBXFileReference section */
		14FC872D1D5F941A00C5BDFC /* prog9.1ComplexAndFractionTest */ = {isa = PBXFileReference; explicitFileType = "compiled.mach-o.executable"; includeInIndex = 0; path = prog9.1ComplexAndFractionTest; sourceTree = BUILT_PRODUCTS_DIR; };
		14FC87301D5F941A00C5BDFC /* main.m */ = {isa = PBXFileReference; lastKnownFileType = sourcecode.c.objc; path = main.m; sourceTree = "<group>"; };
		14FC87371D5F944800C5BDFC /* Rectangle.h */ = {isa = PBXFileReference; fileEncoding = 4; lastKnownFileType = sourcecode.c.h; path = Rectangle.h; sourceTree = "<group>"; };
		14FC87381D5F944800C5BDFC /* Rectangle.m */ = {isa = PBXFileReference; fileEncoding = 4; lastKnownFileType = sourcecode.c.objc; path = Rectangle.m; sourceTree = "<group>"; };
		14FC873A1D5F946400C5BDFC /* XYPoint.h */ = {isa = PBXFileReference; fileEncoding = 4; lastKnownFileType = sourcecode.c.h; path = XYPoint.h; sourceTree = "<group>"; };
		14FC873B1D5F946400C5BDFC /* XYPoint.m */ = {isa = PBXFileReference; fileEncoding = 4; lastKnownFileType = sourcecode.c.objc; path = XYPoint.m; sourceTree = "<group>"; };
		14FC873D1D5F94C400C5BDFC /* GraphicObject.h */ = {isa = PBXFileReference; fileEncoding = 4; lastKnownFileType = sourcecode.c.h; path = GraphicObject.h; sourceTree = "<group>"; };
		14FC873E1D5F94C400C5BDFC /* GraphicObject.m */ = {isa = PBXFileReference; fileEncoding = 4; lastKnownFileType = sourcecode.c.objc; path = GraphicObject.m; sourceTree = "<group>"; };
		14FC87401D5F94E800C5BDFC /* Complex.h */ = {isa = PBXFileReference; fileEncoding = 4; lastKnownFileType = sourcecode.c.h; path = Complex.h; sourceTree = "<group>"; };
		14FC87411D5F94E800C5BDFC /* Complex.m */ = {isa = PBXFileReference; fileEncoding = 4; lastKnownFileType = sourcecode.c.objc; path = Complex.m; sourceTree = "<group>"; };
		14FC87431D5F950300C5BDFC /* Fraction.h */ = {isa = PBXFileReference; fileEncoding = 4; lastKnownFileType = sourcecode.c.h; path = Fraction.h; sourceTree = "<group>"; };
		14FC87441D5F950300C5BDFC /* Fraction.m */ = {isa = PBXFileReference; fileEncoding = 4; lastKnownFileType = sourcecode.c.objc; path = Fraction.m; sourceTree = "<group>"; };
/* End PBXFileReference section */

/* Begin PBXFrameworksBuildPhase section */
		14FC872A1D5F941A00C5BDFC /* Frameworks */ = {
			isa = PBXFrameworksBuildPhase;
			buildActionMask = 2147483647;
			files = (
			);
			runOnlyForDeploymentPostprocessing = 0;
		};
/* End PBXFrameworksBuildPhase section */

/* Begin PBXGroup section */
		14FC87241D5F941A00C5BDFC = {
			isa = PBXGroup;
			children = (
				14FC872F1D5F941A00C5BDFC /* prog9.1ComplexAndFractionTest */,
				14FC872E1D5F941A00C5BDFC /* Products */,
			);
			sourceTree = "<group>";
		};
		14FC872E1D5F941A00C5BDFC /* Products */ = {
			isa = PBXGroup;
			children = (
				14FC872D1D5F941A00C5BDFC /* prog9.1ComplexAndFractionTest */,
			);
			name = Products;
			sourceTree = "<group>";
		};
		14FC872F1D5F941A00C5BDFC /* prog9.1ComplexAndFractionTest */ = {
			isa = PBXGroup;
			children = (
				14FC87301D5F941A00C5BDFC /* main.m */,
				14FC87371D5F944800C5BDFC /* Rectangle.h */,
				14FC87381D5F944800C5BDFC /* Rectangle.m */,
				14FC873A1D5F946400C5BDFC /* XYPoint.h */,
				14FC873B1D5F946400C5BDFC /* XYPoint.m */,
				14FC873D1D5F94C400C5BDFC /* GraphicObject.h */,
				14FC873E1D5F94C400C5BDFC /* GraphicObject.m */,
				14FC87401D5F94E800C5BDFC /* Complex.h */,
				14FC87411D5F94E800C5BDFC /* Complex.m */,
				14FC87431D5F950300C5BDFC /* Fraction.h */,
				14FC87441D5F950300C5BDFC /* Fraction.m */,
			);
			path = prog9.1ComplexAndFractionTest;
			sourceTree = "<group>";
		};
/* End PBXGroup section */

/* Begin PBXNativeTarget section */
		14FC872C1D5F941A00C5BDFC /* prog9.1ComplexAndFractionTest */ = {
			isa = PBXNativeTarget;
			buildConfigurationList = 14FC87341D5F941A00C5BDFC /* Build configuration list for PBXNativeTarget "prog9.1ComplexAndFractionTest" */;
			buildPhases = (
				14FC87291D5F941A00C5BDFC /* Sources */,
				14FC872A1D5F941A00C5BDFC /* Frameworks */,
				14FC872B1D5F941A00C5BDFC /* CopyFiles */,
			);
			buildRules = (
			);
			dependencies = (
			);
			name = prog9.1ComplexAndFractionTest;
			productName = prog9.1ComplexAndFractionTest;
			productReference = 14FC872D1D5F941A00C5BDFC /* prog9.1ComplexAndFractionTest */;
			productType = "com.apple.product-type.tool";
		};
/* End PBXNativeTarget section */

/* Begin PBXProject section */
		14FC87251D5F941A00C5BDFC /* Project object */ = {
			isa = PBXProject;
			attributes = {
				LastUpgradeCheck = 0730;
				ORGANIZATIONNAME = ClassroomM;
				TargetAttributes = {
					14FC872C1D5F941A00C5BDFC = {
						CreatedOnToolsVersion = 7.3.1;
					};
				};
			};
			buildConfigurationList = 14FC87281D5F941A00C5BDFC /* Build configuration list for PBXProject "prog9.1ComplexAndFractionTest" */;
			compatibilityVersion = "Xcode 3.2";
			developmentRegion = English;
			hasScannedForEncodings = 0;
			knownRegions = (
				en,
			);
			mainGroup = 14FC87241D5F941A00C5BDFC;
			productRefGroup = 14FC872E1D5F941A00C5BDFC /* Products */;
			projectDirPath = "";
			projectRoot = "";
			targets = (
				14FC872C1D5F941A00C5BDFC /* prog9.1ComplexAndFractionTest */,
			);
		};
/* End PBXProject section */

/* Begin PBXSourcesBuildPhase section */
		14FC87291D5F941A00C5BDFC /* Sources */ = {
			isa = PBXSourcesBuildPhase;
			buildActionMask = 2147483647;
			files = (
				14FC87311D5F941A00C5BDFC /* main.m in Sources */,
				14FC87421D5F94E800C5BDFC /* Complex.m in Sources */,
				14FC873C1D5F946400C5BDFC /* XYPoint.m in Sources */,
				14FC87391D5F944800C5BDFC /* Rectangle.m in Sources */,
				14FC873F1D5F94C400C5BDFC /* GraphicObject.m in Sources */,
				14FC87451D5F950300C5BDFC /* Fraction.m in Sources */,
			);
			runOnlyForDeploymentPostprocessing = 0;
		};
/* End PBXSourcesBuildPhase section */

/* Begin XCBuildConfiguration section */
		14FC87321D5F941A00C5BDFC /* Debug */ = {
			isa = XCBuildConfiguration;
			buildSettings = {
				ALWAYS_SEARCH_USER_PATHS = NO;
				CLANG_ANALYZER_NONNULL = YES;
				CLANG_CXX_LANGUAGE_STANDARD = "gnu++0x";
				CLANG_CXX_LIBRARY = "libc++";
				CLANG_ENABLE_MODULES = YES;
				CLANG_ENABLE_OBJC_ARC = YES;
				CLANG_WARN_BOOL_CONVERSION = YES;
				CLANG_WARN_CONSTANT_CONVERSION = YES;
				CLANG_WARN_DIRECT_OBJC_ISA_USAGE = YES_ERROR;
				CLANG_WARN_EMPTY_BODY = YES;
				CLANG_WARN_ENUM_CONVERSION = YES;
				CLANG_WARN_INT_CONVERSION = YES;
				CLANG_WARN_OBJC_ROOT_CLASS = YES_ERROR;
				CLANG_WARN_UNREACHABLE_CODE = YES;
				CLANG_WARN__DUPLICATE_METHOD_MATCH = YES;
				CODE_SIGN_IDENTITY = "-";
				COPY_PHASE_STRIP = NO;
				DEBUG_INFORMATION_FORMAT = dwarf;
				ENABLE_STRICT_OBJC_MSGSEND = YES;
				ENABLE_TESTABILITY = YES;
				GCC_C_LANGUAGE_STANDARD = gnu99;
				GCC_DYNAMIC_NO_PIC = NO;
				GCC_NO_COMMON_BLOCKS = YES;
				GCC_OPTIMIZATION_LEVEL = 0;
				GCC_PREPROCESSOR_DEFINITIONS = (
					"DEBUG=1",
					"$(inherited)",
				);
				GCC_WARN_64_TO_32_BIT_CONVERSION = YES;
				GCC_WARN_ABOUT_RETURN_TYPE = YES_ERROR;
				GCC_WARN_UNDECLARED_SELECTOR = YES;
				GCC_WARN_UNINITIALIZED_AUTOS = YES_AGGRESSIVE;
				GCC_WARN_UNUSED_FUNCTION = YES;
				GCC_WARN_UNUSED_VARIABLE = YES;
				MACOSX_DEPLOYMENT_TARGET = 10.11;
				MTL_ENABLE_DEBUG_INFO = YES;
				ONLY_ACTIVE_ARCH = YES;
				SDKROOT = macosx;
			};
			name = Debug;
		};
		14FC87331D5F941A00C5BDFC /* Release */ = {
			isa = XCBuildConfiguration;
			buildSettings = {
				ALWAYS_SEARCH_USER_PATHS = NO;
				CLANG_ANALYZER_NONNULL = YES;
				CLANG_CXX_LANGUAGE_STANDARD = "gnu++0x";
				CLANG_CXX_LIBRARY = "libc++";
				CLANG_ENABLE_MODULES = YES;
				CLANG_ENABLE_OBJC_ARC = YES;
				CLANG_WARN_BOOL_CONVERSION = YES;
				CLANG_WARN_CONSTANT_CONVERSION = YES;
				CLANG_WARN_DIRECT_OBJC_ISA_USAGE = YES_ERROR;
				CLANG_WARN_EMPTY_BODY = YES;
				CLANG_WARN_ENUM_CONVERSION = YES;
				CLANG_WARN_INT_CONVERSION = YES;
				CLANG_WARN_OBJC_ROOT_CLASS = YES_ERROR;
				CLANG_WARN_UNREACHABLE_CODE = YES;
				CLANG_WARN__DUPLICATE_METHOD_MATCH = YES;
				CODE_SIGN_IDENTITY = "-";
				COPY_PHASE_STRIP = NO;
				DEBUG_INFORMATION_FORMAT = "dwarf-with-dsym";
				ENABLE_NS_ASSERTIONS = NO;
				ENABLE_STRICT_OBJC_MSGSEND = YES;
				GCC_C_LANGUAGE_STANDARD = gnu99;
				GCC_NO_COMMON_BLOCKS = YES;
				GCC_WARN_64_TO_32_BIT_CONVERSION = YES;
				GCC_WARN_ABOUT_RETURN_TYPE = YES_ERROR;
				GCC_WARN_UNDECLARED_SELECTOR = YES;
				GCC_WARN_UNINITIALIZED_AUTOS = YES_AGGRESSIVE;
				GCC_WARN_UNUSED_FUNCTION = YES;
				GCC_WARN_UNUSED_VARIABLE = YES;
				MACOSX_DEPLOYMENT_TARGET = 10.11;
				MTL_ENABLE_DEBUG_INFO = NO;
				SDKROOT = macosx;
			};
			name = Release;
		};
		14FC87351D5F941A00C5BDFC /* Debug */ = {
			isa = XCBuildConfiguration;
			buildSettings = {
				PRODUCT_NAME = "$(TARGET_NAME)";
			};
			name = Debug;
		};
		14FC87361D5F941A00C5BDFC /* Release */ = {
			isa = XCBuildConfiguration;
			buildSettings = {
				PRODUCT_NAME = "$(TARGET_NAME)";
			};
			name = Release;
		};
/* End XCBuildConfiguration section */

/* Begin XCConfigurationList section */
		14FC87281D5F941A00C5BDFC /* Build configuration list for PBXProject "prog9.1ComplexAndFractionTest" */ = {
			isa = XCConfigurationList;
			buildConfigurations = (
				14FC87321D5F941A00C5BDFC /* Debug */,
				14FC87331D5F941A00C5BDFC /* Release */,
			);
			defaultConfigurationIsVisible = 0;
			defaultConfigurationName = Release;
		};
		14FC87341D5F941A00C5BDFC /* Build configuration list for PBXNativeTarget "prog9.1ComplexAndFractionTest" */ = {
			isa = XCConfigurationList;
			buildConfigurations = (
				14FC87351D5F941A00C5BDFC /* Debug */,
				14FC87361D5F941A00C5BDFC /* Release */,
			);
			defaultConfigurationIsVisible = 0;
		};
/* End XCConfigurationList section */
	};
	rootObject = 14FC87251D5F941A00C5BDFC /* Project object */;
}
